Microsoft Visual Studio Solution File, Format Version 12.00
# Visual Studio Version 17
VisualStudioVersion = 17.5.2.0
MinimumVisualStudioVersion = 10.0.40219.1
Project("{FAE04EC0-301F-11D3-BF4B-00C04F79EFBC}") = "LocalLink", "LocalLink.csproj", "{DA8B8126-1081-0719-B93E-CCBD90A92D2D}"
EndProject
Global
	GlobalSection(SolutionConfigurationPlatforms) = preSolution
		Debug|Any CPU = Debug|Any CPU
		Release|Any CPU = Release|Any CPU
	EndGlobalSection
	GlobalSection(ProjectConfigurationPlatforms) = postSolution
		{DA8B8126-1081-0719-B93E-CCBD90A92D2D}.Debug|Any CPU.ActiveCfg = Debug|Any CPU
		{DA8B8126-1081-0719-B93E-CCBD90A92D2D}.Debug|Any CPU.Build.0 = Debug|Any CPU
		{DA8B8126-1081-0719-B93E-CCBD90A92D2D}.Release|Any CPU.ActiveCfg = Release|Any CPU
		{DA8B8126-1081-0719-B93E-CCBD90A92D2D}.Release|Any CPU.Build.0 = Release|Any CPU
	EndGlobalSection
	GlobalSection(SolutionProperties) = preSolution
		HideSolutionNode = FALSE
	EndGlobalSection
	GlobalSection(ExtensibilityGlobals) = postSolution
		SolutionGuid = {FEB04FE1-BA12-4483-ACC9-E2A86767E9D8}
	EndGlobalSection
EndGlobal
